
Microsoft Visual Studio Solution File, Format Version 12.00
# Visual Studio Version 16
VisualStudioVersion = 16.0.29709.97
MinimumVisualStudioVersion = 10.0.40219.1
Project("{9A19103F-16F7-4668-BE54-9A1E7A4F7556}") = "CtrlShiftH.WebAPI", "CtrlShiftH.WebAPI\CtrlShiftH.WebAPI.csproj", "{C1798326-7E56-4FA7-9130-23C1AE1CDE0C}"
EndProject
Project("{9A19103F-16F7-4668-BE54-9A1E7A4F7556}") = "CtrlShiftH.Services", "CtrlShiftH.Services\CtrlShiftH.Services.csproj", "{0A634DD7-16F2-4FC2-BFB6-7D3489DBC293}"
EndProject
Project("{9A19103F-16F7-4668-BE54-9A1E7A4F7556}") = "CtrlShiftH.Data", "CtrlShiftH.Data\CtrlShiftH.Data.csproj", "{53185026-3BEC-444E-9FAA-FED17884C1A7}"
EndProject
Global
	GlobalSection(SolutionConfigurationPlatforms) = preSolution
		Debug|Any CPU = Debug|Any CPU
		Release|Any CPU = Release|Any CPU
	EndGlobalSection
	GlobalSection(ProjectConfigurationPlatforms) = postSolution
		{C1798326-7E56-4FA7-9130-23C1AE1CDE0C}.Debug|Any CPU.ActiveCfg = Debug|Any CPU
		{C1798326-7E56-4FA7-9130-23C1AE1CDE0C}.Debug|Any CPU.Build.0 = Debug|Any CPU
		{C1798326-7E56-4FA7-9130-23C1AE1CDE0C}.Release|Any CPU.ActiveCfg = Release|Any CPU
		{C1798326-7E56-4FA7-9130-23C1AE1CDE0C}.Release|Any CPU.Build.0 = Release|Any CPU
		{0A634DD7-16F2-4FC2-BFB6-7D3489DBC293}.Debug|Any CPU.ActiveCfg = Debug|Any CPU
		{0A634DD7-16F2-4FC2-BFB6-7D3489DBC293}.Debug|Any CPU.Build.0 = Debug|Any CPU
		{0A634DD7-16F2-4FC2-BFB6-7D3489DBC293}.Release|Any CPU.ActiveCfg = Release|Any CPU
		{0A634DD7-16F2-4FC2-BFB6-7D3489DBC293}.Release|Any CPU.Build.0 = Release|Any CPU
		{53185026-3BEC-444E-9FAA-FED17884C1A7}.Debug|Any CPU.ActiveCfg = Debug|Any CPU
		{53185026-3BEC-444E-9FAA-FED17884C1A7}.Debug|Any CPU.Build.0 = Debug|Any CPU
		{53185026-3BEC-444E-9FAA-FED17884C1A7}.Release|Any CPU.ActiveCfg = Release|Any CPU
		{53185026-3BEC-444E-9FAA-FED17884C1A7}.Release|Any CPU.Build.0 = Release|Any CPU
	EndGlobalSection
	GlobalSection(SolutionProperties) = preSolution
		HideSolutionNode = FALSE
	EndGlobalSection
	GlobalSection(ExtensibilityGlobals) = postSolution
		SolutionGuid = {0C93FB24-3E35-41EE-AE69-5C3B9EE39030}
	EndGlobalSection
EndGlobal
